
Microsoft Visual Studio Solution File, Format Version 12.00
# Visual Studio 15
VisualStudioVersion = 15.0.27428.1
MinimumVisualStudioVersion = 10.0.40219.1
Project("{E24C65DC-7377-472B-9ABA-BC803B73C61A}") = "RecuperarClave", "RecuperarClave\", "{E496BF6C-0F99-45E8-87B7-15C6615A0BB8}"
	ProjectSection(WebsiteProperties) = preProject
		TargetFrameworkMoniker = ".NETFramework,Version%3Dv4.5"
		Debug.AspNetCompiler.VirtualPath = "/localhost_51349"
		Debug.AspNetCompiler.PhysicalPath = "RecuperarClave\"
		Debug.AspNetCompiler.TargetPath = "PrecompiledWeb\localhost_51349\"
		Debug.AspNetCompiler.Updateable = "true"
		Debug.AspNetCompiler.ForceOverwrite = "true"
		Debug.AspNetCompiler.FixedNames = "false"
		Debug.AspNetCompiler.Debug = "True"
		Release.AspNetCompiler.VirtualPath = "/localhost_51349"
		Release.AspNetCompiler.PhysicalPath = "RecuperarClave\"
		Release.AspNetCompiler.TargetPath = "PrecompiledWeb\localhost_51349\"
		Release.AspNetCompiler.Updateable = "true"
		Release.AspNetCompiler.ForceOverwrite = "true"
		Release.AspNetCompiler.FixedNames = "false"
		Release.AspNetCompiler.Debug = "False"
		VWDPort = "51349"
		SlnRelativePath = "RecuperarClave\"
		DefaultWebSiteLanguage = "Visual C#"
	EndProjectSection
EndProject
Global
	GlobalSection(SolutionConfigurationPlatforms) = preSolution
		Debug|Any CPU = Debug|Any CPU
	EndGlobalSection
	GlobalSection(ProjectConfigurationPlatforms) = postSolution
		{E496BF6C-0F99-45E8-87B7-15C6615A0BB8}.Debug|Any CPU.ActiveCfg = Debug|Any CPU
		{E496BF6C-0F99-45E8-87B7-15C6615A0BB8}.Debug|Any CPU.Build.0 = Debug|Any CPU
	EndGlobalSection
	GlobalSection(SolutionProperties) = preSolution
		HideSolutionNode = FALSE
	EndGlobalSection
	GlobalSection(ExtensibilityGlobals) = postSolution
		SolutionGuid = {1D76AF12-AE18-4574-AD33-483766568603}
	EndGlobalSection
EndGlobal
